{
  "object": {
    "pins": [
      {
        "package": "Scan",
        "repositoryURL": "https://github.com/axadam/Scan",
        "state": {
          "branch": null,
          "revision": "ccfa2d4ac07797369100e01a9aac9903bf5cf85e",
          "version": "1.0.2"
        }
      }
    ]
  },
  "version": 1
}
