{
  "object": {
    "pins": [
      {
        "package": "Scan",
        "repositoryURL": "https://github.com/axadam/Scan",
        "state": {
          "branch": null,
          "revision": "0652b3639a6e5267076c4510c155a87ef6bccf50",
          "version": "1.0.1"
        }
      }
    ]
  },
  "version": 1
}
